
Microsoft Visual Studio Solution File, Format Version 12.00
# Visual Studio Version 17
VisualStudioVersion = 17.11.35312.102
MinimumVisualStudioVersion = 10.0.40219.1
Project("{9A19103F-16F7-4668-BE54-9A1E7A4F7556}") = "backend_examen2", "backend_examen2.csproj", "{9638A671-738A-454C-8140-D555A601EB79}"
EndProject
Global
	GlobalSection(SolutionConfigurationPlatforms) = preSolution
		Debug|Any CPU = Debug|Any CPU
		Release|Any CPU = Release|Any CPU
	EndGlobalSection
	GlobalSection(ProjectConfigurationPlatforms) = postSolution
		{9638A671-738A-454C-8140-D555A601EB79}.Debug|Any CPU.ActiveCfg = Debug|Any CPU
		{9638A671-738A-454C-8140-D555A601EB79}.Debug|Any CPU.Build.0 = Debug|Any CPU
		{9638A671-738A-454C-8140-D555A601EB79}.Release|Any CPU.ActiveCfg = Release|Any CPU
		{9638A671-738A-454C-8140-D555A601EB79}.Release|Any CPU.Build.0 = Release|Any CPU
	EndGlobalSection
	GlobalSection(SolutionProperties) = preSolution
		HideSolutionNode = FALSE
	EndGlobalSection
	GlobalSection(ExtensibilityGlobals) = postSolution
		SolutionGuid = {20A17805-4C76-4FF0-8610-F59E77B31AF6}
	EndGlobalSection
EndGlobal
